// !$*UTF8*$!
{
	archiveVersion = 1;
	classes = {
	};
	objectVersion = 77;
	objects = {

/* Begin PBXBuildFile section */
		7B1F567B2CD5486D0053668F /* MijickPopups in Frameworks */ = {isa = PBXBuildFile; productRef = 7B1F567A2CD5486D0053668F /* MijickPopups */; };
/* End PBXBuildFile section */

/* Begin PBXContainerItemProxy section */
		7B1F56492CAC02610053668F /* PBXContainerItemProxy */ = {
			isa = PBXContainerItemProxy;
			containerPortal = 7B1F562B2CAC025E0053668F /* Project object */;
			proxyType = 1;
			remoteGlobalIDString = 7B1F56322CAC025E0053668F;
			remoteInfo = BadmintonCall_SwiftUI;
		};
		7B1F56532CAC02610053668F /* PBXContainerItemProxy */ = {
			isa = PBXContainerItemProxy;
			containerPortal = 7B1F562B2CAC025E0053668F /* Project object */;
			proxyType = 1;
			remoteGlobalIDString = 7B1F56322CAC025E0053668F;
			remoteInfo = BadmintonCall_SwiftUI;
		};
/* End PBXContainerItemProxy section */

/* Begin PBXFileReference section */
		7B1F56332CAC025E0053668F /* BadmintonCall_SwiftUI.app */ = {isa = PBXFileReference; explicitFileType = wrapper.application; includeInIndex = 0; path = BadmintonCall_SwiftUI.app; sourceTree = BUILT_PRODUCTS_DIR; };
		7B1F56482CAC02610053668F /* BadmintonCall_SwiftUITests.xctest */ = {isa = PBXFileReference; explicitFileType = wrapper.cfbundle; includeInIndex = 0; path = BadmintonCall_SwiftUITests.xctest; sourceTree = BUILT_PRODUCTS_DIR; };
		7B1F56522CAC02610053668F /* BadmintonCall_SwiftUIUITests.xctest */ = {isa = PBXFileReference; explicitFileType = wrapper.cfbundle; includeInIndex = 0; path = BadmintonCall_SwiftUIUITests.xctest; sourceTree = BUILT_PRODUCTS_DIR; };
/* End PBXFileReference section */

/* Begin PBXFileSystemSynchronizedRootGroup section */
		7B1F56352CAC025E0053668F /* BadmintonCall_SwiftUI */ = {
			isa = PBXFileSystemSynchronizedRootGroup;
			path = BadmintonCall_SwiftUI;
			sourceTree = "<group>";
		};
		7B1F564B2CAC02610053668F /* BadmintonCall_SwiftUITests */ = {
			isa = PBXFileSystemSynchronizedRootGroup;
			path = BadmintonCall_SwiftUITests;
			sourceTree = "<group>";
		};
		7B1F56552CAC02610053668F /* BadmintonCall_SwiftUIUITests */ = {
			isa = PBXFileSystemSynchronizedRootGroup;
			path = BadmintonCall_SwiftUIUITests;
			sourceTree = "<group>";
		};
/* End PBXFileSystemSynchronizedRootGroup section */

/* Begin PBXFrameworksBuildPhase section */
		7B1F56302CAC025E0053668F /* Frameworks */ = {
			isa = PBXFrameworksBuildPhase;
			buildActionMask = 2147483647;
			files = (
				7B1F567B2CD5486D0053668F /* MijickPopups in Frameworks */,
			);
			runOnlyForDeploymentPostprocessing = 0;
		};
		7B1F56452CAC02610053668F /* Frameworks */ = {
			isa = PBXFrameworksBuildPhase;
			buildActionMask = 2147483647;
			files = (
			);
			runOnlyForDeploymentPostprocessing = 0;
		};
		7B1F564F2CAC02610053668F /* Frameworks */ = {
			isa = PBXFrameworksBuildPhase;
			buildActionMask = 2147483647;
			files = (
			);
			runOnlyForDeploymentPostprocessing = 0;
		};
/* End PBXFrameworksBuildPhase section */

/* Begin PBXGroup section */
		7B1F562A2CAC025E0053668F = {
			isa = PBXGroup;
			children = (
				7B1F56352CAC025E0053668F /* BadmintonCall_SwiftUI */,
				7B1F564B2CAC02610053668F /* BadmintonCall_SwiftUITests */,
				7B1F56552CAC02610053668F /* BadmintonCall_SwiftUIUITests */,
				7B1F56342CAC025E0053668F /* Products */,
			);
			sourceTree = "<group>";
		};
		7B1F56342CAC025E0053668F /* Products */ = {
			isa = PBXGroup;
			children = (
				7B1F56332CAC025E0053668F /* BadmintonCall_SwiftUI.app */,
				7B1F56482CAC02610053668F /* BadmintonCall_SwiftUITests.xctest */,
				7B1F56522CAC02610053668F /* BadmintonCall_SwiftUIUITests.xctest */,
			);
			name = Products;
			sourceTree = "<group>";
		};
/* End PBXGroup section */

/* Begin PBXNativeTarget section */
		7B1F56322CAC025E0053668F /* BadmintonCall_SwiftUI */ = {
			isa = PBXNativeTarget;
			buildConfigurationList = 7B1F565C2CAC02610053668F /* Build configuration list for PBXNativeTarget "BadmintonCall_SwiftUI" */;
			buildPhases = (
				7B1F562F2CAC025E0053668F /* Sources */,
				7B1F56302CAC025E0053668F /* Frameworks */,
				7B1F56312CAC025E0053668F /* Resources */,
			);
			buildRules = (
			);
			dependencies = (
			);
			fileSystemSynchronizedGroups = (
				7B1F56352CAC025E0053668F /* BadmintonCall_SwiftUI */,
			);
			name = BadmintonCall_SwiftUI;
			packageProductDependencies = (
				7B1F567A2CD5486D0053668F /* MijickPopups */,
			);
			productName = BadmintonCall_SwiftUI;
			productReference = 7B1F56332CAC025E0053668F /* BadmintonCall_SwiftUI.app */;
			productType = "com.apple.product-type.application";
		};
		7B1F56472CAC02610053668F /* BadmintonCall_SwiftUITests */ = {
			isa = PBXNativeTarget;
			buildConfigurationList = 7B1F565F2CAC02610053668F /* Build configuration list for PBXNativeTarget "BadmintonCall_SwiftUITests" */;
			buildPhases = (
				7B1F56442CAC02610053668F /* Sources */,
				7B1F56452CAC02610053668F /* Frameworks */,
				7B1F56462CAC02610053668F /* Resources */,
			);
			buildRules = (
			);
			dependencies = (
				7B1F564A2CAC02610053668F /* PBXTargetDependency */,
			);
			fileSystemSynchronizedGroups = (
				7B1F564B2CAC02610053668F /* BadmintonCall_SwiftUITests */,
			);
			name = BadmintonCall_SwiftUITests;
			packageProductDependencies = (
			);
			productName = BadmintonCall_SwiftUITests;
			productReference = 7B1F56482CAC02610053668F /* BadmintonCall_SwiftUITests.xctest */;
			productType = "com.apple.product-type.bundle.unit-test";
		};
		7B1F56512CAC02610053668F /* BadmintonCall_SwiftUIUITests */ = {
			isa = PBXNativeTarget;
			buildConfigurationList = 7B1F56622CAC02610053668F /* Build configuration list for PBXNativeTarget "BadmintonCall_SwiftUIUITests" */;
			buildPhases = (
				7B1F564E2CAC02610053668F /* Sources */,
				7B1F564F2CAC02610053668F /* Frameworks */,
				7B1F56502CAC02610053668F /* Resources */,
			);
			buildRules = (
			);
			dependencies = (
				7B1F56542CAC02610053668F /* PBXTargetDependency */,
			);
			fileSystemSynchronizedGroups = (
				7B1F56552CAC02610053668F /* BadmintonCall_SwiftUIUITests */,
			);
			name = BadmintonCall_SwiftUIUITests;
			packageProductDependencies = (
			);
			productName = BadmintonCall_SwiftUIUITests;
			productReference = 7B1F56522CAC02610053668F /* BadmintonCall_SwiftUIUITests.xctest */;
			productType = "com.apple.product-type.bundle.ui-testing";
		};
/* End PBXNativeTarget section */

/* Begin PBXProject section */
		7B1F562B2CAC025E0053668F /* Project object */ = {
			isa = PBXProject;
			attributes = {
				BuildIndependentTargetsInParallel = 1;
				LastSwiftUpdateCheck = 1600;
				LastUpgradeCheck = 1600;
				TargetAttributes = {
					7B1F56322CAC025E0053668F = {
						CreatedOnToolsVersion = 16.0;
					};
					7B1F56472CAC02610053668F = {
						CreatedOnToolsVersion = 16.0;
						TestTargetID = 7B1F56322CAC025E0053668F;
					};
					7B1F56512CAC02610053668F = {
						CreatedOnToolsVersion = 16.0;
						TestTargetID = 7B1F56322CAC025E0053668F;
					};
				};
			};
			buildConfigurationList = 7B1F562E2CAC025E0053668F /* Build configuration list for PBXProject "BadmintonCall_SwiftUI" */;
			developmentRegion = en;
			hasScannedForEncodings = 0;
			knownRegions = (
				en,
				Base,
			);
			mainGroup = 7B1F562A2CAC025E0053668F;
			minimizedProjectReferenceProxies = 1;
			packageReferences = (
				7B1F56792CD5486D0053668F /* XCRemoteSwiftPackageReference "PopupView" */,
			);
			preferredProjectObjectVersion = 77;
			productRefGroup = 7B1F56342CAC025E0053668F /* Products */;
			projectDirPath = "";
			projectRoot = "";
			targets = (
				7B1F56322CAC025E0053668F /* BadmintonCall_SwiftUI */,
				7B1F56472CAC02610053668F /* BadmintonCall_SwiftUITests */,
				7B1F56512CAC02610053668F /* BadmintonCall_SwiftUIUITests */,
			);
		};
/* End PBXProject section */

/* Begin PBXResourcesBuildPhase section */
		7B1F56312CAC025E0053668F /* Resources */ = {
			isa = PBXResourcesBuildPhase;
			buildActionMask = 2147483647;
			files = (
			);
			runOnlyForDeploymentPostprocessing = 0;
		};
		7B1F56462CAC02610053668F /* Resources */ = {
			isa = PBXResourcesBuildPhase;
			buildActionMask = 2147483647;
			files = (
			);
			runOnlyForDeploymentPostprocessing = 0;
		};
		7B1F56502CAC02610053668F /* Resources */ = {
			isa = PBXResourcesBuildPhase;
			buildActionMask = 2147483647;
			files = (
			);
			runOnlyForDeploymentPostprocessing = 0;
		};
/* End PBXResourcesBuildPhase section */

/* Begin PBXSourcesBuildPhase section */
		7B1F562F2CAC025E0053668F /* Sources */ = {
			isa = PBXSourcesBuildPhase;
			buildActionMask = 2147483647;
			files = (
			);
			runOnlyForDeploymentPostprocessing = 0;
		};
		7B1F56442CAC02610053668F /* Sources */ = {
			isa = PBXSourcesBuildPhase;
			buildActionMask = 2147483647;
			files = (
			);
			runOnlyForDeploymentPostprocessing = 0;
		};
		7B1F564E2CAC02610053668F /* Sources */ = {
			isa = PBXSourcesBuildPhase;
			buildActionMask = 2147483647;
			files = (
			);
			runOnlyForDeploymentPostprocessing = 0;
		};
/* End PBXSourcesBuildPhase section */

/* Begin PBXTargetDependency section */
		7B1F564A2CAC02610053668F /* PBXTargetDependency */ = {
			isa = PBXTargetDependency;
			target = 7B1F56322CAC025E0053668F /* BadmintonCall_SwiftUI */;
			targetProxy = 7B1F56492CAC02610053668F /* PBXContainerItemProxy */;
		};
		7B1F56542CAC02610053668F /* PBXTargetDependency */ = {
			isa = PBXTargetDependency;
			target = 7B1F56322CAC025E0053668F /* BadmintonCall_SwiftUI */;
			targetProxy = 7B1F56532CAC02610053668F /* PBXContainerItemProxy */;
		};
/* End PBXTargetDependency section */

/* Begin XCBuildConfiguration section */
		7B1F565A2CAC02610053668F /* Debug */ = {
			isa = XCBuildConfiguration;
			buildSettings = {
				ALWAYS_SEARCH_USER_PATHS = NO;
				ASSETCATALOG_COMPILER_GENERATE_SWIFT_ASSET_SYMBOL_EXTENSIONS = YES;
				CLANG_ANALYZER_NONNULL = YES;
				CLANG_ANALYZER_NUMBER_OBJECT_CONVERSION = YES_AGGRESSIVE;
				CLANG_CXX_LANGUAGE_STANDARD = "gnu++20";
				CLANG_ENABLE_MODULES = YES;
				CLANG_ENABLE_OBJC_ARC = YES;
				CLANG_ENABLE_OBJC_WEAK = YES;
				CLANG_WARN_BLOCK_CAPTURE_AUTORELEASING = YES;
				CLANG_WARN_BOOL_CONVERSION = YES;
				CLANG_WARN_COMMA = YES;
				CLANG_WARN_CONSTANT_CONVERSION = YES;
				CLANG_WARN_DEPRECATED_OBJC_IMPLEMENTATIONS = YES;
				CLANG_WARN_DIRECT_OBJC_ISA_USAGE = YES_ERROR;
				CLANG_WARN_DOCUMENTATION_COMMENTS = YES;
				CLANG_WARN_EMPTY_BODY = YES;
				CLANG_WARN_ENUM_CONVERSION = YES;
				CLANG_WARN_INFINITE_RECURSION = YES;
				CLANG_WARN_INT_CONVERSION = YES;
				CLANG_WARN_NON_LITERAL_NULL_CONVERSION = YES;
				CLANG_WARN_OBJC_IMPLICIT_RETAIN_SELF = YES;
				CLANG_WARN_OBJC_LITERAL_CONVERSION = YES;
				CLANG_WARN_OBJC_ROOT_CLASS = YES_ERROR;
				CLANG_WARN_QUOTED_INCLUDE_IN_FRAMEWORK_HEADER = YES;
				CLANG_WARN_RANGE_LOOP_ANALYSIS = YES;
				CLANG_WARN_STRICT_PROTOTYPES = YES;
				CLANG_WARN_SUSPICIOUS_MOVE = YES;
				CLANG_WARN_UNGUARDED_AVAILABILITY = YES_AGGRESSIVE;
				CLANG_WARN_UNREACHABLE_CODE = YES;
				CLANG_WARN__DUPLICATE_METHOD_MATCH = YES;
				COPY_PHASE_STRIP = NO;
				DEBUG_INFORMATION_FORMAT = dwarf;
				ENABLE_STRICT_OBJC_MSGSEND = YES;
				ENABLE_TESTABILITY = YES;
				ENABLE_USER_SCRIPT_SANDBOXING = YES;
				GCC_C_LANGUAGE_STANDARD = gnu17;
				GCC_DYNAMIC_NO_PIC = NO;
				GCC_NO_COMMON_BLOCKS = YES;
				GCC_OPTIMIZATION_LEVEL = 0;
				GCC_PREPROCESSOR_DEFINITIONS = (
					"DEBUG=1",
					"$(inherited)",
				);
				GCC_WARN_64_TO_32_BIT_CONVERSION = YES;
				GCC_WARN_ABOUT_RETURN_TYPE = YES_ERROR;
				GCC_WARN_UNDECLARED_SELECTOR = YES;
				GCC_WARN_UNINITIALIZED_AUTOS = YES_AGGRESSIVE;
				GCC_WARN_UNUSED_FUNCTION = YES;
				GCC_WARN_UNUSED_VARIABLE = YES;
				IPHONEOS_DEPLOYMENT_TARGET = 18.0;
				LOCALIZATION_PREFERS_STRING_CATALOGS = YES;
				MTL_ENABLE_DEBUG_INFO = INCLUDE_SOURCE;
				MTL_FAST_MATH = YES;
				ONLY_ACTIVE_ARCH = YES;
				SDKROOT = iphoneos;
				SWIFT_ACTIVE_COMPILATION_CONDITIONS = "DEBUG $(inherited)";
				SWIFT_OPTIMIZATION_LEVEL = "-Onone";
			};
			name = Debug;
		};
		7B1F565B2CAC02610053668F /* Release */ = {
			isa = XCBuildConfiguration;
			buildSettings = {
				ALWAYS_SEARCH_USER_PATHS = NO;
				ASSETCATALOG_COMPILER_GENERATE_SWIFT_ASSET_SYMBOL_EXTENSIONS = YES;
				CLANG_ANALYZER_NONNULL = YES;
				CLANG_ANALYZER_NUMBER_OBJECT_CONVERSION = YES_AGGRESSIVE;
				CLANG_CXX_LANGUAGE_STANDARD = "gnu++20";
				CLANG_ENABLE_MODULES = YES;
				CLANG_ENABLE_OBJC_ARC = YES;
				CLANG_ENABLE_OBJC_WEAK = YES;
				CLANG_WARN_BLOCK_CAPTURE_AUTORELEASING = YES;
				CLANG_WARN_BOOL_CONVERSION = YES;
				CLANG_WARN_COMMA = YES;
				CLANG_WARN_CONSTANT_CONVERSION = YES;
				CLANG_WARN_DEPRECATED_OBJC_IMPLEMENTATIONS = YES;
				CLANG_WARN_DIRECT_OBJC_ISA_USAGE = YES_ERROR;
				CLANG_WARN_DOCUMENTATION_COMMENTS = YES;
				CLANG_WARN_EMPTY_BODY = YES;
				CLANG_WARN_ENUM_CONVERSION = YES;
				CLANG_WARN_INFINITE_RECURSION = YES;
				CLANG_WARN_INT_CONVERSION = YES;
				CLANG_WARN_NON_LITERAL_NULL_CONVERSION = YES;
				CLANG_WARN_OBJC_IMPLICIT_RETAIN_SELF = YES;
				CLANG_WARN_OBJC_LITERAL_CONVERSION = YES;
				CLANG_WARN_OBJC_ROOT_CLASS = YES_ERROR;
				CLANG_WARN_QUOTED_INCLUDE_IN_FRAMEWORK_HEADER = YES;
				CLANG_WARN_RANGE_LOOP_ANALYSIS = YES;
				CLANG_WARN_STRICT_PROTOTYPES = YES;
				CLANG_WARN_SUSPICIOUS_MOVE = YES;
				CLANG_WARN_UNGUARDED_AVAILABILITY = YES_AGGRESSIVE;
				CLANG_WARN_UNREACHABLE_CODE = YES;
				CLANG_WARN__DUPLICATE_METHOD_MATCH = YES;
				COPY_PHASE_STRIP = NO;
				DEBUG_INFORMATION_FORMAT = "dwarf-with-dsym";
				ENABLE_NS_ASSERTIONS = NO;
				ENABLE_STRICT_OBJC_MSGSEND = YES;
				ENABLE_USER_SCRIPT_SANDBOXING = YES;
				GCC_C_LANGUAGE_STANDARD = gnu17;
				GCC_NO_COMMON_BLOCKS = YES;
				GCC_WARN_64_TO_32_BIT_CONVERSION = YES;
				GCC_WARN_ABOUT_RETURN_TYPE = YES_ERROR;
				GCC_WARN_UNDECLARED_SELECTOR = YES;
				GCC_WARN_UNINITIALIZED_AUTOS = YES_AGGRESSIVE;
				GCC_WARN_UNUSED_FUNCTION = YES;
				GCC_WARN_UNUSED_VARIABLE = YES;
				IPHONEOS_DEPLOYMENT_TARGET = 18.0;
				LOCALIZATION_PREFERS_STRING_CATALOGS = YES;
				MTL_ENABLE_DEBUG_INFO = NO;
				MTL_FAST_MATH = YES;
				SDKROOT = iphoneos;
				SWIFT_COMPILATION_MODE = wholemodule;
				VALIDATE_PRODUCT = YES;
			};
			name = Release;
		};
		7B1F565D2CAC02610053668F /* Debug */ = {
			isa = XCBuildConfiguration;
			buildSettings = {
				ASSETCATALOG_COMPILER_APPICON_NAME = AppIcon;
				ASSETCATALOG_COMPILER_GLOBAL_ACCENT_COLOR_NAME = AccentColor;
				CODE_SIGN_STYLE = Automatic;
				CURRENT_PROJECT_VERSION = 1;
				DEVELOPMENT_ASSET_PATHS = "\"BadmintonCall_SwiftUI/Preview Content\"";
				DEVELOPMENT_TEAM = 99E6PZ48K5;
				ENABLE_PREVIEWS = YES;
				GENERATE_INFOPLIST_FILE = YES;
				INFOPLIST_KEY_UIApplicationSceneManifest_Generation = YES;
				INFOPLIST_KEY_UIApplicationSupportsIndirectInputEvents = YES;
				INFOPLIST_KEY_UILaunchScreen_Generation = YES;
				INFOPLIST_KEY_UISupportedInterfaceOrientations_iPad = "UIInterfaceOrientationPortrait UIInterfaceOrientationPortraitUpsideDown UIInterfaceOrientationLandscapeLeft UIInterfaceOrientationLandscapeRight";
				INFOPLIST_KEY_UISupportedInterfaceOrientations_iPhone = "UIInterfaceOrientationPortrait UIInterfaceOrientationLandscapeLeft UIInterfaceOrientationLandscapeRight";
				LD_RUNPATH_SEARCH_PATHS = (
					"$(inherited)",
					"@executable_path/Frameworks",
				);
				MARKETING_VERSION = 1.0;
				PRODUCT_BUNDLE_IDENTIFIER = "tw.com.mohocho.BadmintonCall-SwiftUI";
				PRODUCT_NAME = "$(TARGET_NAME)";
				SWIFT_EMIT_LOC_STRINGS = YES;
				SWIFT_VERSION = 5.0;
				TARGETED_DEVICE_FAMILY = "1,2";
			};
			name = Debug;
		};
		7B1F565E2CAC02610053668F /* Release */ = {
			isa = XCBuildConfiguration;
			buildSettings = {
				ASSETCATALOG_COMPILER_APPICON_NAME = AppIcon;
				ASSETCATALOG_COMPILER_GLOBAL_ACCENT_COLOR_NAME = AccentColor;
				CODE_SIGN_STYLE = Automatic;
				CURRENT_PROJECT_VERSION = 1;
				DEVELOPMENT_ASSET_PATHS = "\"BadmintonCall_SwiftUI/Preview Content\"";
				DEVELOPMENT_TEAM = 99E6PZ48K5;
				ENABLE_PREVIEWS = YES;
				GENERATE_INFOPLIST_FILE = YES;
				INFOPLIST_KEY_UIApplicationSceneManifest_Generation = YES;
				INFOPLIST_KEY_UIApplicationSupportsIndirectInputEvents = YES;
				INFOPLIST_KEY_UILaunchScreen_Generation = YES;
				INFOPLIST_KEY_UISupportedInterfaceOrientations_iPad = "UIInterfaceOrientationPortrait UIInterfaceOrientationPortraitUpsideDown UIInterfaceOrientationLandscapeLeft UIInterfaceOrientationLandscapeRight";
				INFOPLIST_KEY_UISupportedInterfaceOrientations_iPhone = "UIInterfaceOrientationPortrait UIInterfaceOrientationLandscapeLeft UIInterfaceOrientationLandscapeRight";
				LD_RUNPATH_SEARCH_PATHS = (
					"$(inherited)",
					"@executable_path/Frameworks",
				);
				MARKETING_VERSION = 1.0;
				PRODUCT_BUNDLE_IDENTIFIER = "tw.com.mohocho.BadmintonCall-SwiftUI";
				PRODUCT_NAME = "$(TARGET_NAME)";
				SWIFT_EMIT_LOC_STRINGS = YES;
				SWIFT_VERSION = 5.0;
				TARGETED_DEVICE_FAMILY = "1,2";
			};
			name = Release;
		};
		7B1F56602CAC02610053668F /* Debug */ = {
			isa = XCBuildConfiguration;
			buildSettings = {
				BUNDLE_LOADER = "$(TEST_HOST)";
				CODE_SIGN_STYLE = Automatic;
				CURRENT_PROJECT_VERSION = 1;
				DEVELOPMENT_TEAM = 99E6PZ48K5;
				GENERATE_INFOPLIST_FILE = YES;
				IPHONEOS_DEPLOYMENT_TARGET = 18.0;
				MARKETING_VERSION = 1.0;
				PRODUCT_BUNDLE_IDENTIFIER = "tw.com.mohocho.BadmintonCall-SwiftUITests";
				PRODUCT_NAME = "$(TARGET_NAME)";
				SWIFT_EMIT_LOC_STRINGS = NO;
				SWIFT_VERSION = 5.0;
				TARGETED_DEVICE_FAMILY = "1,2";
				TEST_HOST = "$(BUILT_PRODUCTS_DIR)/BadmintonCall_SwiftUI.app/$(BUNDLE_EXECUTABLE_FOLDER_PATH)/BadmintonCall_SwiftUI";
			};
			name = Debug;
		};
		7B1F56612CAC02610053668F /* Release */ = {
			isa = XCBuildConfiguration;
			buildSettings = {
				BUNDLE_LOADER = "$(TEST_HOST)";
				CODE_SIGN_STYLE = Automatic;
				CURRENT_PROJECT_VERSION = 1;
				DEVELOPMENT_TEAM = 99E6PZ48K5;
				GENERATE_INFOPLIST_FILE = YES;
				IPHONEOS_DEPLOYMENT_TARGET = 18.0;
				MARKETING_VERSION = 1.0;
				PRODUCT_BUNDLE_IDENTIFIER = "tw.com.mohocho.BadmintonCall-SwiftUITests";
				PRODUCT_NAME = "$(TARGET_NAME)";
				SWIFT_EMIT_LOC_STRINGS = NO;
				SWIFT_VERSION = 5.0;
				TARGETED_DEVICE_FAMILY = "1,2";
				TEST_HOST = "$(BUILT_PRODUCTS_DIR)/BadmintonCall_SwiftUI.app/$(BUNDLE_EXECUTABLE_FOLDER_PATH)/BadmintonCall_SwiftUI";
			};
			name = Release;
		};
		7B1F56632CAC02610053668F /* Debug */ = {
			isa = XCBuildConfiguration;
			buildSettings = {
				CODE_SIGN_STYLE = Automatic;
				CURRENT_PROJECT_VERSION = 1;
				DEVELOPMENT_TEAM = 99E6PZ48K5;
				GENERATE_INFOPLIST_FILE = YES;
				MARKETING_VERSION = 1.0;
				PRODUCT_BUNDLE_IDENTIFIER = "tw.com.mohocho.BadmintonCall-SwiftUIUITests";
				PRODUCT_NAME = "$(TARGET_NAME)";
				SWIFT_EMIT_LOC_STRINGS = NO;
				SWIFT_VERSION = 5.0;
				TARGETED_DEVICE_FAMILY = "1,2";
				TEST_TARGET_NAME = BadmintonCall_SwiftUI;
			};
			name = Debug;
		};
		7B1F56642CAC02610053668F /* Release */ = {
			isa = XCBuildConfiguration;
			buildSettings = {
				CODE_SIGN_STYLE = Automatic;
				CURRENT_PROJECT_VERSION = 1;
				DEVELOPMENT_TEAM = 99E6PZ48K5;
				GENERATE_INFOPLIST_FILE = YES;
				MARKETING_VERSION = 1.0;
				PRODUCT_BUNDLE_IDENTIFIER = "tw.com.mohocho.BadmintonCall-SwiftUIUITests";
				PRODUCT_NAME = "$(TARGET_NAME)";
				SWIFT_EMIT_LOC_STRINGS = NO;
				SWIFT_VERSION = 5.0;
				TARGETED_DEVICE_FAMILY = "1,2";
				TEST_TARGET_NAME = BadmintonCall_SwiftUI;
			};
			name = Release;
		};
/* End XCBuildConfiguration section */

/* Begin XCConfigurationList section */
		7B1F562E2CAC025E0053668F /* Build configuration list for PBXProject "BadmintonCall_SwiftUI" */ = {
			isa = XCConfigurationList;
			buildConfigurations = (
				7B1F565A2CAC02610053668F /* Debug */,
				7B1F565B2CAC02610053668F /* Release */,
			);
			defaultConfigurationIsVisible = 0;
			defaultConfigurationName = Release;
		};
		7B1F565C2CAC02610053668F /* Build configuration list for PBXNativeTarget "BadmintonCall_SwiftUI" */ = {
			isa = XCConfigurationList;
			buildConfigurations = (
				7B1F565D2CAC02610053668F /* Debug */,
				7B1F565E2CAC02610053668F /* Release */,
			);
			defaultConfigurationIsVisible = 0;
			defaultConfigurationName = Release;
		};
		7B1F565F2CAC02610053668F /* Build configuration list for PBXNativeTarget "BadmintonCall_SwiftUITests" */ = {
			isa = XCConfigurationList;
			buildConfigurations = (
				7B1F56602CAC02610053668F /* Debug */,
				7B1F56612CAC02610053668F /* Release */,
			);
			defaultConfigurationIsVisible = 0;
			defaultConfigurationName = Release;
		};
		7B1F56622CAC02610053668F /* Build configuration list for PBXNativeTarget "BadmintonCall_SwiftUIUITests" */ = {
			isa = XCConfigurationList;
			buildConfigurations = (
				7B1F56632CAC02610053668F /* Debug */,
				7B1F56642CAC02610053668F /* Release */,
			);
			defaultConfigurationIsVisible = 0;
			defaultConfigurationName = Release;
		};
/* End XCConfigurationList section */

/* Begin XCRemoteSwiftPackageReference section */
		7B1F56792CD5486D0053668F /* XCRemoteSwiftPackageReference "PopupView" */ = {
			isa = XCRemoteSwiftPackageReference;
			repositoryURL = "https://github.com/Mijick/PopupView.git";
			requirement = {
				kind = upToNextMajorVersion;
				minimumVersion = 3.0.0;
			};
		};
/* End XCRemoteSwiftPackageReference section */

/* Begin XCSwiftPackageProductDependency section */
		7B1F567A2CD5486D0053668F /* MijickPopups */ = {
			isa = XCSwiftPackageProductDependency;
			package = 7B1F56792CD5486D0053668F /* XCRemoteSwiftPackageReference "PopupView" */;
			productName = MijickPopups;
		};
/* End XCSwiftPackageProductDependency section */
	};
	rootObject = 7B1F562B2CAC025E0053668F /* Project object */;
}
